// !$*UTF8*$!
{
	archiveVersion = 1;
	classes = {
	};
	objectVersion = 46;
	objects = {

/* Begin PBXBuildFile section */
		0405203819235B660016B2E3 /* Foundation.framework in Frameworks */ = {isa = PBXBuildFile; fileRef = 0405203719235B660016B2E3 /* Foundation.framework */; };
		0405203A19235B660016B2E3 /* CoreGraphics.framework in Frameworks */ = {isa = PBXBuildFile; fileRef = 0405203919235B660016B2E3 /* CoreGraphics.framework */; };
		0405203C19235B660016B2E3 /* UIKit.framework in Frameworks */ = {isa = PBXBuildFile; fileRef = 0405203B19235B660016B2E3 /* UIKit.framework */; };
		0405204219235B660016B2E3 /* InfoPlist.strings in Resources */ = {isa = PBXBuildFile; fileRef = 0405204019235B660016B2E3 /* InfoPlist.strings */; };
		0405204419235B660016B2E3 /* main.m in Sources */ = {isa = PBXBuildFile; fileRef = 0405204319235B660016B2E3 /* main.m */; };
		0405204819235B660016B2E3 /* AppDelegate.m in Sources */ = {isa = PBXBuildFile; fileRef = 0405204719235B660016B2E3 /* AppDelegate.m */; };
		0405204A19235B660016B2E3 /* Images.xcassets in Resources */ = {isa = PBXBuildFile; fileRef = 0405204919235B660016B2E3 /* Images.xcassets */; };
		0405205119235B660016B2E3 /* XCTest.framework in Frameworks */ = {isa = PBXBuildFile; fileRef = 0405205019235B660016B2E3 /* XCTest.framework */; };
		0405205219235B660016B2E3 /* Foundation.framework in Frameworks */ = {isa = PBXBuildFile; fileRef = 0405203719235B660016B2E3 /* Foundation.framework */; };
		0405205319235B660016B2E3 /* UIKit.framework in Frameworks */ = {isa = PBXBuildFile; fileRef = 0405203B19235B660016B2E3 /* UIKit.framework */; };
		0405205B19235B660016B2E3 /* InfoPlist.strings in Resources */ = {isa = PBXBuildFile; fileRef = 0405205919235B660016B2E3 /* InfoPlist.strings */; };
		0405205D19235B660016B2E3 /* ReadLinemanTests.m in Sources */ = {isa = PBXBuildFile; fileRef = 0405205C19235B660016B2E3 /* ReadLinemanTests.m */; };
		0405206919235B830016B2E3 /* LinemanListController.m in Sources */ = {isa = PBXBuildFile; fileRef = 0405206719235B830016B2E3 /* LinemanListController.m */; };
		0405206A19235B830016B2E3 /* LinemanListController.xib in Resources */ = {isa = PBXBuildFile; fileRef = 0405206819235B830016B2E3 /* LinemanListController.xib */; };
		0405207219235BF40016B2E3 /* UIView+ProgressView.m in Sources */ = {isa = PBXBuildFile; fileRef = 0405206D19235BF40016B2E3 /* UIView+ProgressView.m */; settings = {COMPILER_FLAGS = "-fno-objc-arc"; }; };
		0405207319235BF40016B2E3 /* MBProgressHUD.bundle in Resources */ = {isa = PBXBuildFile; fileRef = 0405206F19235BF40016B2E3 /* MBProgressHUD.bundle */; };
		0405207419235BF40016B2E3 /* MBProgressHUD.m in Sources */ = {isa = PBXBuildFile; fileRef = 0405207119235BF40016B2E3 /* MBProgressHUD.m */; settings = {COMPILER_FLAGS = "-fno-objc-arc"; }; };
		0405207619235C250016B2E3 /* AddressBook.framework in Frameworks */ = {isa = PBXBuildFile; fileRef = 0405207519235C250016B2E3 /* AddressBook.framework */; };
		04AC83E31925B35F007BF332 /* AboutMeController.m in Sources */ = {isa = PBXBuildFile; fileRef = 04AC83E11925B35F007BF332 /* AboutMeController.m */; };
		04AC83E41925B35F007BF332 /* AboutMeController.xib in Resources */ = {isa = PBXBuildFile; fileRef = 04AC83E21925B35F007BF332 /* AboutMeController.xib */; };
/* End PBXBuildFile section */

/* Begin PBXContainerItemProxy section */
		0405205419235B660016B2E3 /* PBXContainerItemProxy */ = {
			isa = PBXContainerItemProxy;
			containerPortal = 0405202C19235B660016B2E3 /* Project object */;
			proxyType = 1;
			remoteGlobalIDString = 0405203319235B660016B2E3;
			remoteInfo = ReadLineman;
		};
/* End PBXContainerItemProxy section */

/* Begin PBXFileReference section */
		0405203419235B660016B2E3 /* ReadLineman.app */ = {isa = PBXFileReference; explicitFileType = wrapper.application; includeInIndex = 0; path = ReadLineman.app; sourceTree = BUILT_PRODUCTS_DIR; };
		0405203719235B660016B2E3 /* Foundation.framework */ = {isa = PBXFileReference; lastKnownFileType = wrapper.framework; name = Foundation.framework; path = System/Library/Frameworks/Foundation.framework; sourceTree = SDKROOT; };
		0405203919235B660016B2E3 /* CoreGraphics.framework */ = {isa = PBXFileReference; lastKnownFileType = wrapper.framework; name = CoreGraphics.framework; path = System/Library/Frameworks/CoreGraphics.framework; sourceTree = SDKROOT; };
		0405203B19235B660016B2E3 /* UIKit.framework */ = {isa = PBXFileReference; lastKnownFileType = wrapper.framework; name = UIKit.framework; path = System/Library/Frameworks/UIKit.framework; sourceTree = SDKROOT; };
		0405203F19235B660016B2E3 /* ReadLineman-Info.plist */ = {isa = PBXFileReference; lastKnownFileType = text.plist.xml; path = "ReadLineman-Info.plist"; sourceTree = "<group>"; };
		0405204119235B660016B2E3 /* en */ = {isa = PBXFileReference; lastKnownFileType = text.plist.strings; name = en; path = en.lproj/InfoPlist.strings; sourceTree = "<group>"; };
		0405204319235B660016B2E3 /* main.m */ = {isa = PBXFileReference; lastKnownFileType = sourcecode.c.objc; path = main.m; sourceTree = "<group>"; };
		0405204519235B660016B2E3 /* ReadLineman-Prefix.pch */ = {isa = PBXFileReference; lastKnownFileType = sourcecode.c.h; path = "ReadLineman-Prefix.pch"; sourceTree = "<group>"; };
		0405204619235B660016B2E3 /* AppDelegate.h */ = {isa = PBXFileReference; lastKnownFileType = sourcecode.c.h; path = AppDelegate.h; sourceTree = "<group>"; };
		0405204719235B660016B2E3 /* AppDelegate.m */ = {isa = PBXFileReference; lastKnownFileType = sourcecode.c.objc; path = AppDelegate.m; sourceTree = "<group>"; };
		0405204919235B660016B2E3 /* Images.xcassets */ = {isa = PBXFileReference; lastKnownFileType = folder.assetcatalog; path = Images.xcassets; sourceTree = "<group>"; };
		0405204F19235B660016B2E3 /* ReadLinemanTests.xctest */ = {isa = PBXFileReference; explicitFileType = wrapper.cfbundle; includeInIndex = 0; path = ReadLinemanTests.xctest; sourceTree = BUILT_PRODUCTS_DIR; };
		0405205019235B660016B2E3 /* XCTest.framework */ = {isa = PBXFileReference; lastKnownFileType = wrapper.framework; name = XCTest.framework; path = Library/Frameworks/XCTest.framework; sourceTree = DEVELOPER_DIR; };
		0405205819235B660016B2E3 /* ReadLinemanTests-Info.plist */ = {isa = PBXFileReference; lastKnownFileType = text.plist.xml; path = "ReadLinemanTests-Info.plist"; sourceTree = "<group>"; };
		0405205A19235B660016B2E3 /* en */ = {isa = PBXFileReference; lastKnownFileType = text.plist.strings; name = en; path = en.lproj/InfoPlist.strings; sourceTree = "<group>"; };
		0405205C19235B660016B2E3 /* ReadLinemanTests.m */ = {isa = PBXFileReference; lastKnownFileType = sourcecode.c.objc; path = ReadLinemanTests.m; sourceTree = "<group>"; };
		0405206619235B830016B2E3 /* LinemanListController.h */ = {isa = PBXFileReference; fileEncoding = 4; lastKnownFileType = sourcecode.c.h; path = LinemanListController.h; sourceTree = "<group>"; };
		0405206719235B830016B2E3 /* LinemanListController.m */ = {isa = PBXFileReference; fileEncoding = 4; lastKnownFileType = sourcecode.c.objc; path = LinemanListController.m; sourceTree = "<group>"; };
		0405206819235B830016B2E3 /* LinemanListController.xib */ = {isa = PBXFileReference; fileEncoding = 4; lastKnownFileType = file.xib; path = LinemanListController.xib; sourceTree = "<group>"; };
		0405206C19235BF40016B2E3 /* UIView+ProgressView.h */ = {isa = PBXFileReference; fileEncoding = 4; lastKnownFileType = sourcecode.c.h; path = "UIView+ProgressView.h"; sourceTree = "<group>"; };
		0405206D19235BF40016B2E3 /* UIView+ProgressView.m */ = {isa = PBXFileReference; fileEncoding = 4; lastKnownFileType = sourcecode.c.objc; path = "UIView+ProgressView.m"; sourceTree = "<group>"; };
		0405206F19235BF40016B2E3 /* MBProgressHUD.bundle */ = {isa = PBXFileReference; lastKnownFileType = "wrapper.plug-in"; path = MBProgressHUD.bundle; sourceTree = "<group>"; };
		0405207019235BF40016B2E3 /* MBProgressHUD.h */ = {isa = PBXFileReference; fileEncoding = 4; lastKnownFileType = sourcecode.c.h; path = MBProgressHUD.h; sourceTree = "<group>"; };
		0405207119235BF40016B2E3 /* MBProgressHUD.m */ = {isa = PBXFileReference; fileEncoding = 4; lastKnownFileType = sourcecode.c.objc; path = MBProgressHUD.m; sourceTree = "<group>"; };
		0405207519235C250016B2E3 /* AddressBook.framework */ = {isa = PBXFileReference; lastKnownFileType = wrapper.framework; name = AddressBook.framework; path = System/Library/Frameworks/AddressBook.framework; sourceTree = SDKROOT; };
		04AC83E01925B35F007BF332 /* AboutMeController.h */ = {isa = PBXFileReference; fileEncoding = 4; lastKnownFileType = sourcecode.c.h; path = AboutMeController.h; sourceTree = "<group>"; };
		04AC83E11925B35F007BF332 /* AboutMeController.m */ = {isa = PBXFileReference; fileEncoding = 4; lastKnownFileType = sourcecode.c.objc; path = AboutMeController.m; sourceTree = "<group>"; };
		04AC83E21925B35F007BF332 /* AboutMeController.xib */ = {isa = PBXFileReference; fileEncoding = 4; lastKnownFileType = file.xib; path = AboutMeController.xib; sourceTree = "<group>"; };
/* End PBXFileReference section */

/* Begin PBXFrameworksBuildPhase section */
		0405203119235B660016B2E3 /* Frameworks */ = {
			isa = PBXFrameworksBuildPhase;
			buildActionMask = 2147483647;
			files = (
				0405207619235C250016B2E3 /* AddressBook.framework in Frameworks */,
				0405203A19235B660016B2E3 /* CoreGraphics.framework in Frameworks */,
				0405203C19235B660016B2E3 /* UIKit.framework in Frameworks */,
				0405203819235B660016B2E3 /* Foundation.framework in Frameworks */,
			);
			runOnlyForDeploymentPostprocessing = 0;
		};
		0405204C19235B660016B2E3 /* Frameworks */ = {
			isa = PBXFrameworksBuildPhase;
			buildActionMask = 2147483647;
			files = (
				0405205119235B660016B2E3 /* XCTest.framework in Frameworks */,
				0405205319235B660016B2E3 /* UIKit.framework in Frameworks */,
				0405205219235B660016B2E3 /* Foundation.framework in Frameworks */,
			);
			runOnlyForDeploymentPostprocessing = 0;
		};
/* End PBXFrameworksBuildPhase section */

/* Begin PBXGroup section */
		0405202B19235B660016B2E3 = {
			isa = PBXGroup;
			children = (
				0405203D19235B660016B2E3 /* ReadLineman */,
				0405205619235B660016B2E3 /* ReadLinemanTests */,
				0405203619235B660016B2E3 /* Frameworks */,
				0405203519235B660016B2E3 /* Products */,
			);
			sourceTree = "<group>";
		};
		0405203519235B660016B2E3 /* Products */ = {
			isa = PBXGroup;
			children = (
				0405203419235B660016B2E3 /* ReadLineman.app */,
				0405204F19235B660016B2E3 /* ReadLinemanTests.xctest */,
			);
			name = Products;
			sourceTree = "<group>";
		};
		0405203619235B660016B2E3 /* Frameworks */ = {
			isa = PBXGroup;
			children = (
				0405207519235C250016B2E3 /* AddressBook.framework */,
				0405203719235B660016B2E3 /* Foundation.framework */,
				0405203919235B660016B2E3 /* CoreGraphics.framework */,
				0405203B19235B660016B2E3 /* UIKit.framework */,
				0405205019235B660016B2E3 /* XCTest.framework */,
			);
			name = Frameworks;
			sourceTree = "<group>";
		};
		0405203D19235B660016B2E3 /* ReadLineman */ = {
			isa = PBXGroup;
			children = (
				0405206B19235BF40016B2E3 /* ProgressViewHelper */,
				0405206E19235BF40016B2E3 /* MBProgressHUD */,
				0405204619235B660016B2E3 /* AppDelegate.h */,
				0405204719235B660016B2E3 /* AppDelegate.m */,
				0405204919235B660016B2E3 /* Images.xcassets */,
				0405203E19235B660016B2E3 /* Supporting Files */,
				0405206619235B830016B2E3 /* LinemanListController.h */,
				0405206719235B830016B2E3 /* LinemanListController.m */,
				0405206819235B830016B2E3 /* LinemanListController.xib */,
				04AC83E01925B35F007BF332 /* AboutMeController.h */,
				04AC83E11925B35F007BF332 /* AboutMeController.m */,
				04AC83E21925B35F007BF332 /* AboutMeController.xib */,
			);
			path = ReadLineman;
			sourceTree = "<group>";
		};
		0405203E19235B660016B2E3 /* Supporting Files */ = {
			isa = PBXGroup;
			children = (
				0405203F19235B660016B2E3 /* ReadLineman-Info.plist */,
				0405204019235B660016B2E3 /* InfoPlist.strings */,
				0405204319235B660016B2E3 /* main.m */,
				0405204519235B660016B2E3 /* ReadLineman-Prefix.pch */,
			);
			name = "Supporting Files";
			sourceTree = "<group>";
		};
		0405205619235B660016B2E3 /* ReadLinemanTests */ = {
			isa = PBXGroup;
			children = (
				0405205C19235B660016B2E3 /* ReadLinemanTests.m */,
				0405205719235B660016B2E3 /* Supporting Files */,
			);
			path = ReadLinemanTests;
			sourceTree = "<group>";
		};
		0405205719235B660016B2E3 /* Supporting Files */ = {
			isa = PBXGroup;
			children = (
				0405205819235B660016B2E3 /* ReadLinemanTests-Info.plist */,
				0405205919235B660016B2E3 /* InfoPlist.strings */,
			);
			name = "Supporting Files";
			sourceTree = "<group>";
		};
		0405206B19235BF40016B2E3 /* ProgressViewHelper */ = {
			isa = PBXGroup;
			children = (
				0405206C19235BF40016B2E3 /* UIView+ProgressView.h */,
				0405206D19235BF40016B2E3 /* UIView+ProgressView.m */,
			);
			path = ProgressViewHelper;
			sourceTree = "<group>";
		};
		0405206E19235BF40016B2E3 /* MBProgressHUD */ = {
			isa = PBXGroup;
			children = (
				0405206F19235BF40016B2E3 /* MBProgressHUD.bundle */,
				0405207019235BF40016B2E3 /* MBProgressHUD.h */,
				0405207119235BF40016B2E3 /* MBProgressHUD.m */,
			);
			path = MBProgressHUD;
			sourceTree = "<group>";
		};
/* End PBXGroup section */

/* Begin PBXNativeTarget section */
		0405203319235B660016B2E3 /* ReadLineman */ = {
			isa = PBXNativeTarget;
			buildConfigurationList = 0405206019235B660016B2E3 /* Build configuration list for PBXNativeTarget "ReadLineman" */;
			buildPhases = (
				0405203019235B660016B2E3 /* Sources */,
				0405203119235B660016B2E3 /* Frameworks */,
				0405203219235B660016B2E3 /* Resources */,
			);
			buildRules = (
			);
			dependencies = (
			);
			name = ReadLineman;
			productName = ReadLineman;
			productReference = 0405203419235B660016B2E3 /* ReadLineman.app */;
			productType = "com.apple.product-type.application";
		};
		0405204E19235B660016B2E3 /* ReadLinemanTests */ = {
			isa = PBXNativeTarget;
			buildConfigurationList = 0405206319235B660016B2E3 /* Build configuration list for PBXNativeTarget "ReadLinemanTests" */;
			buildPhases = (
				0405204B19235B660016B2E3 /* Sources */,
				0405204C19235B660016B2E3 /* Frameworks */,
				0405204D19235B660016B2E3 /* Resources */,
			);
			buildRules = (
			);
			dependencies = (
				0405205519235B660016B2E3 /* PBXTargetDependency */,
			);
			name = ReadLinemanTests;
			productName = ReadLinemanTests;
			productReference = 0405204F19235B660016B2E3 /* ReadLinemanTests.xctest */;
			productType = "com.apple.product-type.bundle.unit-test";
		};
/* End PBXNativeTarget section */

/* Begin PBXProject section */
		0405202C19235B660016B2E3 /* Project object */ = {
			isa = PBXProject;
			attributes = {
				LastUpgradeCheck = 0510;
				ORGANIZATIONNAME = "spring sky";
				TargetAttributes = {
					0405203319235B660016B2E3 = {
						DevelopmentTeam = 8KZCJ6DWD6;
					};
					0405204E19235B660016B2E3 = {
						TestTargetID = 0405203319235B660016B2E3;
					};
				};
			};
			buildConfigurationList = 0405202F19235B660016B2E3 /* Build configuration list for PBXProject "ReadLineman" */;
			compatibilityVersion = "Xcode 3.2";
			developmentRegion = English;
			hasScannedForEncodings = 0;
			knownRegions = (
				en,
			);
			mainGroup = 0405202B19235B660016B2E3;
			productRefGroup = 0405203519235B660016B2E3 /* Products */;
			projectDirPath = "";
			projectRoot = "";
			targets = (
				0405203319235B660016B2E3 /* ReadLineman */,
				0405204E19235B660016B2E3 /* ReadLinemanTests */,
			);
		};
/* End PBXProject section */

/* Begin PBXResourcesBuildPhase section */
		0405203219235B660016B2E3 /* Resources */ = {
			isa = PBXResourcesBuildPhase;
			buildActionMask = 2147483647;
			files = (
				04AC83E41925B35F007BF332 /* AboutMeController.xib in Resources */,
				0405204219235B660016B2E3 /* InfoPlist.strings in Resources */,
				0405207319235BF40016B2E3 /* MBProgressHUD.bundle in Resources */,
				0405206A19235B830016B2E3 /* LinemanListController.xib in Resources */,
				0405204A19235B660016B2E3 /* Images.xcassets in Resources */,
			);
			runOnlyForDeploymentPostprocessing = 0;
		};
		0405204D19235B660016B2E3 /* Resources */ = {
			isa = PBXResourcesBuildPhase;
			buildActionMask = 2147483647;
			files = (
				0405205B19235B660016B2E3 /* InfoPlist.strings in Resources */,
			);
			runOnlyForDeploymentPostprocessing = 0;
		};
/* End PBXResourcesBuildPhase section */

/* Begin PBXSourcesBuildPhase section */
		0405203019235B660016B2E3 /* Sources */ = {
			isa = PBXSourcesBuildPhase;
			buildActionMask = 2147483647;
			files = (
				0405207219235BF40016B2E3 /* UIView+ProgressView.m in Sources */,
				0405206919235B830016B2E3 /* LinemanListController.m in Sources */,
				0405207419235BF40016B2E3 /* MBProgressHUD.m in Sources */,
				0405204819235B660016B2E3 /* AppDelegate.m in Sources */,
				0405204419235B660016B2E3 /* main.m in Sources */,
				04AC83E31925B35F007BF332 /* AboutMeController.m in Sources */,
			);
			runOnlyForDeploymentPostprocessing = 0;
		};
		0405204B19235B660016B2E3 /* Sources */ = {
			isa = PBXSourcesBuildPhase;
			buildActionMask = 2147483647;
			files = (
				0405205D19235B660016B2E3 /* ReadLinemanTests.m in Sources */,
			);
			runOnlyForDeploymentPostprocessing = 0;
		};
/* End PBXSourcesBuildPhase section */

/* Begin PBXTargetDependency section */
		0405205519235B660016B2E3 /* PBXTargetDependency */ = {
			isa = PBXTargetDependency;
			target = 0405203319235B660016B2E3 /* ReadLineman */;
			targetProxy = 0405205419235B660016B2E3 /* PBXContainerItemProxy */;
		};
/* End PBXTargetDependency section */

/* Begin PBXVariantGroup section */
		0405204019235B660016B2E3 /* InfoPlist.strings */ = {
			isa = PBXVariantGroup;
			children = (
				0405204119235B660016B2E3 /* en */,
			);
			name = InfoPlist.strings;
			sourceTree = "<group>";
		};
		0405205919235B660016B2E3 /* InfoPlist.strings */ = {
			isa = PBXVariantGroup;
			children = (
				0405205A19235B660016B2E3 /* en */,
			);
			name = InfoPlist.strings;
			sourceTree = "<group>";
		};
/* End PBXVariantGroup section */

/* Begin XCBuildConfiguration section */
		0405205E19235B660016B2E3 /* Debug */ = {
			isa = XCBuildConfiguration;
			buildSettings = {
				ALWAYS_SEARCH_USER_PATHS = NO;
				CLANG_CXX_LANGUAGE_STANDARD = "gnu++0x";
				CLANG_CXX_LIBRARY = "libc++";
				CLANG_ENABLE_MODULES = YES;
				CLANG_ENABLE_OBJC_ARC = YES;
				CLANG_WARN_BOOL_CONVERSION = YES;
				CLANG_WARN_CONSTANT_CONVERSION = YES;
				CLANG_WARN_DIRECT_OBJC_ISA_USAGE = YES_ERROR;
				CLANG_WARN_EMPTY_BODY = YES;
				CLANG_WARN_ENUM_CONVERSION = YES;
				CLANG_WARN_INT_CONVERSION = YES;
				CLANG_WARN_OBJC_ROOT_CLASS = YES_ERROR;
				CLANG_WARN__DUPLICATE_METHOD_MATCH = YES;
				CODE_SIGN_IDENTITY = "iPhone Developer: WENCHANG HE (R7QYBDHHMB)";
				"CODE_SIGN_IDENTITY[sdk=iphoneos*]" = "iPhone Developer: WENCHANG HE (R7QYBDHHMB)";
				COPY_PHASE_STRIP = NO;
				GCC_C_LANGUAGE_STANDARD = gnu99;
				GCC_DYNAMIC_NO_PIC = NO;
				GCC_OPTIMIZATION_LEVEL = 0;
				GCC_PREPROCESSOR_DEFINITIONS = (
					"DEBUG=1",
					"$(inherited)",
				);
				GCC_SYMBOLS_PRIVATE_EXTERN = NO;
				GCC_WARN_64_TO_32_BIT_CONVERSION = YES;
				GCC_WARN_ABOUT_RETURN_TYPE = YES_ERROR;
				GCC_WARN_UNDECLARED_SELECTOR = YES;
				GCC_WARN_UNINITIALIZED_AUTOS = YES_AGGRESSIVE;
				GCC_WARN_UNUSED_FUNCTION = YES;
				GCC_WARN_UNUSED_VARIABLE = YES;
				IPHONEOS_DEPLOYMENT_TARGET = 6.1;
				ONLY_ACTIVE_ARCH = YES;
				PROVISIONING_PROFILE = "EE1711AF-E630-40BA-9812-48906A4EC893";
				SDKROOT = iphoneos;
			};
			name = Debug;
		};
		0405205F19235B660016B2E3 /* Release */ = {
			isa = XCBuildConfiguration;
			buildSettings = {
				ALWAYS_SEARCH_USER_PATHS = NO;
				CLANG_CXX_LANGUAGE_STANDARD = "gnu++0x";
				CLANG_CXX_LIBRARY = "libc++";
				CLANG_ENABLE_MODULES = YES;
				CLANG_ENABLE_OBJC_ARC = YES;
				CLANG_WARN_BOOL_CONVERSION = YES;
				CLANG_WARN_CONSTANT_CONVERSION = YES;
				CLANG_WARN_DIRECT_OBJC_ISA_USAGE = YES_ERROR;
				CLANG_WARN_EMPTY_BODY = YES;
				CLANG_WARN_ENUM_CONVERSION = YES;
				CLANG_WARN_INT_CONVERSION = YES;
				CLANG_WARN_OBJC_ROOT_CLASS = YES_ERROR;
				CLANG_WARN__DUPLICATE_METHOD_MATCH = YES;
				CODE_SIGN_IDENTITY = "iPhone Developer: WENCHANG HE (R7QYBDHHMB)";
				"CODE_SIGN_IDENTITY[sdk=iphoneos*]" = "iPhone Developer: WENCHANG HE (R7QYBDHHMB)";
				COPY_PHASE_STRIP = YES;
				ENABLE_NS_ASSERTIONS = NO;
				GCC_C_LANGUAGE_STANDARD = gnu99;
				GCC_WARN_64_TO_32_BIT_CONVERSION = YES;
				GCC_WARN_ABOUT_RETURN_TYPE = YES_ERROR;
				GCC_WARN_UNDECLARED_SELECTOR = YES;
				GCC_WARN_UNINITIALIZED_AUTOS = YES_AGGRESSIVE;
				GCC_WARN_UNUSED_FUNCTION = YES;
				GCC_WARN_UNUSED_VARIABLE = YES;
				IPHONEOS_DEPLOYMENT_TARGET = 6.1;
				PROVISIONING_PROFILE = "EE1711AF-E630-40BA-9812-48906A4EC893";
				SDKROOT = iphoneos;
				VALIDATE_PRODUCT = YES;
			};
			name = Release;
		};
		0405206119235B660016B2E3 /* Debug */ = {
			isa = XCBuildConfiguration;
			buildSettings = {
				ASSETCATALOG_COMPILER_APPICON_NAME = AppIcon;
				ASSETCATALOG_COMPILER_LAUNCHIMAGE_NAME = LaunchImage;
				CODE_SIGN_IDENTITY = "iPhone Developer: WENCHANG HE (R7QYBDHHMB)";
				GCC_PRECOMPILE_PREFIX_HEADER = YES;
				GCC_PREFIX_HEADER = "ReadLineman/ReadLineman-Prefix.pch";
				INFOPLIST_FILE = "ReadLineman/ReadLineman-Info.plist";
				PRODUCT_NAME = "$(TARGET_NAME)";
				WRAPPER_EXTENSION = app;
			};
			name = Debug;
		};
		0405206219235B660016B2E3 /* Release */ = {
			isa = XCBuildConfiguration;
			buildSettings = {
				ASSETCATALOG_COMPILER_APPICON_NAME = AppIcon;
				ASSETCATALOG_COMPILER_LAUNCHIMAGE_NAME = LaunchImage;
				CODE_SIGN_IDENTITY = "iPhone Developer: WENCHANG HE (R7QYBDHHMB)";
				GCC_PRECOMPILE_PREFIX_HEADER = YES;
				GCC_PREFIX_HEADER = "ReadLineman/ReadLineman-Prefix.pch";
				INFOPLIST_FILE = "ReadLineman/ReadLineman-Info.plist";
				PRODUCT_NAME = "$(TARGET_NAME)";
				WRAPPER_EXTENSION = app;
			};
			name = Release;
		};
		0405206419235B660016B2E3 /* Debug */ = {
			isa = XCBuildConfiguration;
			buildSettings = {
				BUNDLE_LOADER = "$(BUILT_PRODUCTS_DIR)/ReadLineman.app/ReadLineman";
				FRAMEWORK_SEARCH_PATHS = (
					"$(SDKROOT)/Developer/Library/Frameworks",
					"$(inherited)",
					"$(DEVELOPER_FRAMEWORKS_DIR)",
				);
				GCC_PRECOMPILE_PREFIX_HEADER = YES;
				GCC_PREFIX_HEADER = "ReadLineman/ReadLineman-Prefix.pch";
				GCC_PREPROCESSOR_DEFINITIONS = (
					"DEBUG=1",
					"$(inherited)",
				);
				INFOPLIST_FILE = "ReadLinemanTests/ReadLinemanTests-Info.plist";
				PRODUCT_NAME = "$(TARGET_NAME)";
				TEST_HOST = "$(BUNDLE_LOADER)";
				WRAPPER_EXTENSION = xctest;
			};
			name = Debug;
		};
		0405206519235B660016B2E3 /* Release */ = {
			isa = XCBuildConfiguration;
			buildSettings = {
				BUNDLE_LOADER = "$(BUILT_PRODUCTS_DIR)/ReadLineman.app/ReadLineman";
				FRAMEWORK_SEARCH_PATHS = (
					"$(SDKROOT)/Developer/Library/Frameworks",
					"$(inherited)",
					"$(DEVELOPER_FRAMEWORKS_DIR)",
				);
				GCC_PRECOMPILE_PREFIX_HEADER = YES;
				GCC_PREFIX_HEADER = "ReadLineman/ReadLineman-Prefix.pch";
				INFOPLIST_FILE = "ReadLinemanTests/ReadLinemanTests-Info.plist";
				PRODUCT_NAME = "$(TARGET_NAME)";
				TEST_HOST = "$(BUNDLE_LOADER)";
				WRAPPER_EXTENSION = xctest;
			};
			name = Release;
		};
/* End XCBuildConfiguration section */

/* Begin XCConfigurationList section */
		0405202F19235B660016B2E3 /* Build configuration list for PBXProject "ReadLineman" */ = {
			isa = XCConfigurationList;
			buildConfigurations = (
				0405205E19235B660016B2E3 /* Debug */,
				0405205F19235B660016B2E3 /* Release */,
			);
			defaultConfigurationIsVisible = 0;
			defaultConfigurationName = Release;
		};
		0405206019235B660016B2E3 /* Build configuration list for PBXNativeTarget "ReadLineman" */ = {
			isa = XCConfigurationList;
			buildConfigurations = (
				0405206119235B660016B2E3 /* Debug */,
				0405206219235B660016B2E3 /* Release */,
			);
			defaultConfigurationIsVisible = 0;
			defaultConfigurationName = Release;
		};
		0405206319235B660016B2E3 /* Build configuration list for PBXNativeTarget "ReadLinemanTests" */ = {
			isa = XCConfigurationList;
			buildConfigurations = (
				0405206419235B660016B2E3 /* Debug */,
				0405206519235B660016B2E3 /* Release */,
			);
			defaultConfigurationIsVisible = 0;
			defaultConfigurationName = Release;
		};
/* End XCConfigurationList section */
	};
	rootObject = 0405202C19235B660016B2E3 /* Project object */;
}
